lockfileVersion: '6.0'

settings:
  autoInstallPeers: true
  excludeLinksFromLockfile: false

dependencies:
  class-transformer:
    specifier: ^0.5.1
    version: 0.5.1

packages:

  /class-transformer@0.5.1:
    resolution: {integrity: sha512-SQa1Ws6hUbfC98vKGxZH3KFY0Y1lm5Zm0SY8XX9zbK7FJCyVEac3ATW0RIpwzW+oOfmHE5PMPufDG9hCfoEOMw==}
    dev: false
